
Microsoft Visual Studio Solution File, Format Version 12.00
# Visual Studio Version 17
VisualStudioVersion = 17.5.33516.290
MinimumVisualStudioVersion = 10.0.40219.1
Project("{9A19103F-16F7-4668-BE54-9A1E7A4F7556}") = "Ecommerce.Domain", "src\Ecommerce.Domain\Ecommerce.Domain.csproj", "{554AD327-6DBA-4F8F-96F8-81CE7A0C863F}"
EndProject
Project("{9A19103F-16F7-4668-BE54-9A1E7A4F7556}") = "Ecommerce.Application", "src\Ecommerce.Application\Ecommerce.Application.csproj", "{1A94A50E-06DC-43C1-80B5-B662820EC3EB}"
EndProject
Project("{9A19103F-16F7-4668-BE54-9A1E7A4F7556}") = "Ecommerce.EntityFrameworkCore", "src\Ecommerce.EntityFrameworkCore\Ecommerce.EntityFrameworkCore.csproj", "{C956DD76-69C8-4A9C-83EA-D17DF83340FD}"
EndProject
Project("{2150E333-8FDC-42A3-9474-1A3956D46DE8}") = "src", "src", "{CA9AC87F-097E-4F15-8393-4BC07735A5B0}"
EndProject
Project("{2150E333-8FDC-42A3-9474-1A3956D46DE8}") = "test", "test", "{04DBDB01-70F4-4E06-B468-8F87850B22BE}"
EndProject
Project("{9A19103F-16F7-4668-BE54-9A1E7A4F7556}") = "Ecommerce.Application.Tests", "test\Ecommerce.Application.Tests\Ecommerce.Application.Tests.csproj", "{50B2631D-129C-47B3-A587-029CCD6099BC}"
EndProject
Project("{9A19103F-16F7-4668-BE54-9A1E7A4F7556}") = "Ecommerce.Domain.Shared", "src\Ecommerce.Domain.Shared\Ecommerce.Domain.Shared.csproj", "{42F719ED-8413-4895-B5B4-5AB56079BC66}"
EndProject
Project("{9A19103F-16F7-4668-BE54-9A1E7A4F7556}") = "Ecommerce.Application.Contracts", "src\Ecommerce.Application.Contracts\Ecommerce.Application.Contracts.csproj", "{520659C8-C734-4298-A3DA-B539DB9DFC0B}"
EndProject
Project("{9A19103F-16F7-4668-BE54-9A1E7A4F7556}") = "Ecommerce.HttpApi", "src\Ecommerce.HttpApi\Ecommerce.HttpApi.csproj", "{4164BDF7-F527-4E85-9CE6-E3C2D7426A27}"
EndProject
Project("{9A19103F-16F7-4668-BE54-9A1E7A4F7556}") = "Ecommerce.HttpApi.Client", "src\Ecommerce.HttpApi.Client\Ecommerce.HttpApi.Client.csproj", "{3B5A0094-670D-4BB1-BFDD-61B88A8773DC}"
EndProject
Project("{9A19103F-16F7-4668-BE54-9A1E7A4F7556}") = "Ecommerce.AuthServer", "src\Ecommerce.AuthServer\Ecommerce.AuthServer.csproj", "{073C361E-B8F4-49F5-93CC-72A3FF49C026}"
EndProject
Project("{9A19103F-16F7-4668-BE54-9A1E7A4F7556}") = "Ecommerce.HttpApi.Host", "src\Ecommerce.HttpApi.Host\Ecommerce.HttpApi.Host.csproj", "{E6D5BF0E-DE92-4D82-A352-EF04B37CB11C}"
EndProject
Project("{9A19103F-16F7-4668-BE54-9A1E7A4F7556}") = "Ecommerce.EntityFrameworkCore.Tests", "test\Ecommerce.EntityFrameworkCore.Tests\Ecommerce.EntityFrameworkCore.Tests.csproj", "{1FE30EB9-74A9-47F5-A9F6-7B1FAB672D81}"
EndProject
Project("{9A19103F-16F7-4668-BE54-9A1E7A4F7556}") = "Ecommerce.TestBase", "test\Ecommerce.TestBase\Ecommerce.TestBase.csproj", "{91853F21-9CD9-4132-BC29-A7D5D84FFFE7}"
EndProject
Project("{9A19103F-16F7-4668-BE54-9A1E7A4F7556}") = "Ecommerce.Domain.Tests", "test\Ecommerce.Domain.Tests\Ecommerce.Domain.Tests.csproj", "{E512F4D9-9375-480F-A2F6-A46509F9D824}"
EndProject
Project("{9A19103F-16F7-4668-BE54-9A1E7A4F7556}") = "Ecommerce.HttpApi.Client.ConsoleTestApp", "test\Ecommerce.HttpApi.Client.ConsoleTestApp\Ecommerce.HttpApi.Client.ConsoleTestApp.csproj", "{EF480016-9127-4916-8735-D2466BDBC582}"
EndProject
Project("{9A19103F-16F7-4668-BE54-9A1E7A4F7556}") = "Ecommerce.DbMigrator", "src\Ecommerce.DbMigrator\Ecommerce.DbMigrator.csproj", "{AA94D832-1CCC-4715-95A9-A483F23A1A5D}"
EndProject
Project("{2150E333-8FDC-42A3-9474-1A3956D46DE8}") = "admin", "admin", "{D491C2AF-9DA5-40EC-9A49-037260BF2760}"
EndProject
Project("{2150E333-8FDC-42A3-9474-1A3956D46DE8}") = "auth", "auth", "{79D8B1B8-3C52-44F3-A2DD-42B6A00C02CB}"
EndProject
Project("{2150E333-8FDC-42A3-9474-1A3956D46DE8}") = "public", "public", "{2F27C119-1C96-40D6-8BC6-389C54687BFB}"
EndProject
Project("{2150E333-8FDC-42A3-9474-1A3956D46DE8}") = "common", "common", "{28E0A64D-1CF7-4FF4-B4AD-35675431FF54}"
EndProject
Project("{2150E333-8FDC-42A3-9474-1A3956D46DE8}") = "domain", "domain", "{9A1B96E2-3E9D-474F-922D-1CEE3CE81517}"
EndProject
Project("{2150E333-8FDC-42A3-9474-1A3956D46DE8}") = "infrastructure", "infrastructure", "{22218093-BCCF-479A-B93D-C322F7ACCF89}"
EndProject
Project("{9A19103F-16F7-4668-BE54-9A1E7A4F7556}") = "Ecommerce.Admin.Application", "src\Ecommerce.Admin.Application\Ecommerce.Admin.Application.csproj", "{EEB95855-4C13-4E7A-A985-22CFFBBD1626}"
EndProject
Project("{9A19103F-16F7-4668-BE54-9A1E7A4F7556}") = "Ecommerce.Admin.Application.Contracts", "src\Ecommerce.Admin.Application.Contracts\Ecommerce.Admin.Application.Contracts.csproj", "{0396D069-E04F-4C93-872F-C3FEA23B7BDD}"
EndProject
Project("{9A19103F-16F7-4668-BE54-9A1E7A4F7556}") = "Ecommerce.Admin.HttpApi.Client", "src\Ecommerce.Admin.HttpApi.Client\Ecommerce.Admin.HttpApi.Client.csproj", "{EBC6D504-5878-4BCE-BC43-2CCF5D0A0B08}"
EndProject
Project("{9A19103F-16F7-4668-BE54-9A1E7A4F7556}") = "Ecommerce.Admin.HttpApi.Host", "src\Ecommerce.Admin.HttpApi.Host\Ecommerce.Admin.HttpApi.Host.csproj", "{DC38E86F-9857-41EB-801F-CB54B80A1A99}"
EndProject
Project("{9A19103F-16F7-4668-BE54-9A1E7A4F7556}") = "Ecommerce.Admin.HttpApi", "src\Ecommerce.Admin.HttpApi\Ecommerce.Admin.HttpApi.csproj", "{E005ADD7-615C-47EB-8941-FACA4A6E2EEF}"
EndProject
Project("{2150E333-8FDC-42A3-9474-1A3956D46DE8}") = "public", "public", "{AAE25EC9-D38A-4D42-BD74-DB9E9909D30C}"
EndProject
Project("{2150E333-8FDC-42A3-9474-1A3956D46DE8}") = "admin", "admin", "{94A467F0-0E88-486B-8CDC-8D122F2DC9D1}"
EndProject
Project("{9A19103F-16F7-4668-BE54-9A1E7A4F7556}") = "Ecommerce.Admin.Application.Tests", "test\Ecommerce.Admin.Application.Tests\Ecommerce.Admin.Application.Tests.csproj", "{B06FC66C-CC65-4C7C-A806-E33B79F904EF}"
EndProject
Project("{9A19103F-16F7-4668-BE54-9A1E7A4F7556}") = "Ecommerce.Admin.HttpApi.Client.ConsoleTestApp", "test\Ecommerce.Admin.HttpApi.Client.ConsoleTestApp\Ecommerce.Admin.HttpApi.Client.ConsoleTestApp.csproj", "{9CF81F69-9672-4211-9253-6873D6A4AE83}"
EndProject
Project("{2150E333-8FDC-42A3-9474-1A3956D46DE8}") = "shared", "shared", "{6AF7F944-4FE7-4B77-829C-652559FE9163}"
EndProject
Global
	GlobalSection(SolutionConfigurationPlatforms) = preSolution
		Debug|Any CPU = Debug|Any CPU
		Release|Any CPU = Release|Any CPU
	EndGlobalSection
	GlobalSection(ProjectConfigurationPlatforms) = postSolution
		{554AD327-6DBA-4F8F-96F8-81CE7A0C863F}.Debug|Any CPU.ActiveCfg = Debug|Any CPU
		{554AD327-6DBA-4F8F-96F8-81CE7A0C863F}.Debug|Any CPU.Build.0 = Debug|Any CPU
		{554AD327-6DBA-4F8F-96F8-81CE7A0C863F}.Release|Any CPU.ActiveCfg = Release|Any CPU
		{554AD327-6DBA-4F8F-96F8-81CE7A0C863F}.Release|Any CPU.Build.0 = Release|Any CPU
		{1A94A50E-06DC-43C1-80B5-B662820EC3EB}.Debug|Any CPU.ActiveCfg = Debug|Any CPU
		{1A94A50E-06DC-43C1-80B5-B662820EC3EB}.Debug|Any CPU.Build.0 = Debug|Any CPU
		{1A94A50E-06DC-43C1-80B5-B662820EC3EB}.Release|Any CPU.ActiveCfg = Release|Any CPU
		{1A94A50E-06DC-43C1-80B5-B662820EC3EB}.Release|Any CPU.Build.0 = Release|Any CPU
		{C956DD76-69C8-4A9C-83EA-D17DF83340FD}.Debug|Any CPU.ActiveCfg = Debug|Any CPU
		{C956DD76-69C8-4A9C-83EA-D17DF83340FD}.Debug|Any CPU.Build.0 = Debug|Any CPU
		{C956DD76-69C8-4A9C-83EA-D17DF83340FD}.Release|Any CPU.ActiveCfg = Release|Any CPU
		{C956DD76-69C8-4A9C-83EA-D17DF83340FD}.Release|Any CPU.Build.0 = Release|Any CPU
		{50B2631D-129C-47B3-A587-029CCD6099BC}.Debug|Any CPU.ActiveCfg = Debug|Any CPU
		{50B2631D-129C-47B3-A587-029CCD6099BC}.Debug|Any CPU.Build.0 = Debug|Any CPU
		{50B2631D-129C-47B3-A587-029CCD6099BC}.Release|Any CPU.ActiveCfg = Release|Any CPU
		{50B2631D-129C-47B3-A587-029CCD6099BC}.Release|Any CPU.Build.0 = Release|Any CPU
		{42F719ED-8413-4895-B5B4-5AB56079BC66}.Debug|Any CPU.ActiveCfg = Debug|Any CPU
		{42F719ED-8413-4895-B5B4-5AB56079BC66}.Debug|Any CPU.Build.0 = Debug|Any CPU
		{42F719ED-8413-4895-B5B4-5AB56079BC66}.Release|Any CPU.ActiveCfg = Release|Any CPU
		{42F719ED-8413-4895-B5B4-5AB56079BC66}.Release|Any CPU.Build.0 = Release|Any CPU
		{520659C8-C734-4298-A3DA-B539DB9DFC0B}.Debug|Any CPU.ActiveCfg = Debug|Any CPU
		{520659C8-C734-4298-A3DA-B539DB9DFC0B}.Debug|Any CPU.Build.0 = Debug|Any CPU
		{520659C8-C734-4298-A3DA-B539DB9DFC0B}.Release|Any CPU.ActiveCfg = Release|Any CPU
		{520659C8-C734-4298-A3DA-B539DB9DFC0B}.Release|Any CPU.Build.0 = Release|Any CPU
		{4164BDF7-F527-4E85-9CE6-E3C2D7426A27}.Debug|Any CPU.ActiveCfg = Debug|Any CPU
		{4164BDF7-F527-4E85-9CE6-E3C2D7426A27}.Debug|Any CPU.Build.0 = Debug|Any CPU
		{4164BDF7-F527-4E85-9CE6-E3C2D7426A27}.Release|Any CPU.ActiveCfg = Release|Any CPU
		{4164BDF7-F527-4E85-9CE6-E3C2D7426A27}.Release|Any CPU.Build.0 = Release|Any CPU
		{3B5A0094-670D-4BB1-BFDD-61B88A8773DC}.Debug|Any CPU.ActiveCfg = Debug|Any CPU
		{3B5A0094-670D-4BB1-BFDD-61B88A8773DC}.Debug|Any CPU.Build.0 = Debug|Any CPU
		{3B5A0094-670D-4BB1-BFDD-61B88A8773DC}.Release|Any CPU.ActiveCfg = Release|Any CPU
		{3B5A0094-670D-4BB1-BFDD-61B88A8773DC}.Release|Any CPU.Build.0 = Release|Any CPU
		{073C361E-B8F4-49F5-93CC-72A3FF49C026}.Debug|Any CPU.ActiveCfg = Debug|Any CPU
		{073C361E-B8F4-49F5-93CC-72A3FF49C026}.Debug|Any CPU.Build.0 = Debug|Any CPU
		{073C361E-B8F4-49F5-93CC-72A3FF49C026}.Release|Any CPU.ActiveCfg = Release|Any CPU
		{073C361E-B8F4-49F5-93CC-72A3FF49C026}.Release|Any CPU.Build.0 = Release|Any CPU
		{E6D5BF0E-DE92-4D82-A352-EF04B37CB11C}.Debug|Any CPU.ActiveCfg = Debug|Any CPU
		{E6D5BF0E-DE92-4D82-A352-EF04B37CB11C}.Debug|Any CPU.Build.0 = Debug|Any CPU
		{E6D5BF0E-DE92-4D82-A352-EF04B37CB11C}.Release|Any CPU.ActiveCfg = Release|Any CPU
		{E6D5BF0E-DE92-4D82-A352-EF04B37CB11C}.Release|Any CPU.Build.0 = Release|Any CPU
		{1FE30EB9-74A9-47F5-A9F6-7B1FAB672D81}.Debug|Any CPU.ActiveCfg = Debug|Any CPU
		{1FE30EB9-74A9-47F5-A9F6-7B1FAB672D81}.Debug|Any CPU.Build.0 = Debug|Any CPU
		{1FE30EB9-74A9-47F5-A9F6-7B1FAB672D81}.Release|Any CPU.ActiveCfg = Release|Any CPU
		{1FE30EB9-74A9-47F5-A9F6-7B1FAB672D81}.Release|Any CPU.Build.0 = Release|Any CPU
		{91853F21-9CD9-4132-BC29-A7D5D84FFFE7}.Debug|Any CPU.ActiveCfg = Debug|Any CPU
		{91853F21-9CD9-4132-BC29-A7D5D84FFFE7}.Debug|Any CPU.Build.0 = Debug|Any CPU
		{91853F21-9CD9-4132-BC29-A7D5D84FFFE7}.Release|Any CPU.ActiveCfg = Release|Any CPU
		{91853F21-9CD9-4132-BC29-A7D5D84FFFE7}.Release|Any CPU.Build.0 = Release|Any CPU
		{E512F4D9-9375-480F-A2F6-A46509F9D824}.Debug|Any CPU.ActiveCfg = Debug|Any CPU
		{E512F4D9-9375-480F-A2F6-A46509F9D824}.Debug|Any CPU.Build.0 = Debug|Any CPU
		{E512F4D9-9375-480F-A2F6-A46509F9D824}.Release|Any CPU.ActiveCfg = Release|Any CPU
		{E512F4D9-9375-480F-A2F6-A46509F9D824}.Release|Any CPU.Build.0 = Release|Any CPU
		{EF480016-9127-4916-8735-D2466BDBC582}.Debug|Any CPU.ActiveCfg = Debug|Any CPU
		{EF480016-9127-4916-8735-D2466BDBC582}.Debug|Any CPU.Build.0 = Debug|Any CPU
		{EF480016-9127-4916-8735-D2466BDBC582}.Release|Any CPU.ActiveCfg = Release|Any CPU
		{EF480016-9127-4916-8735-D2466BDBC582}.Release|Any CPU.Build.0 = Release|Any CPU
		{AA94D832-1CCC-4715-95A9-A483F23A1A5D}.Debug|Any CPU.ActiveCfg = Debug|Any CPU
		{AA94D832-1CCC-4715-95A9-A483F23A1A5D}.Debug|Any CPU.Build.0 = Debug|Any CPU
		{AA94D832-1CCC-4715-95A9-A483F23A1A5D}.Release|Any CPU.ActiveCfg = Release|Any CPU
		{AA94D832-1CCC-4715-95A9-A483F23A1A5D}.Release|Any CPU.Build.0 = Release|Any CPU
		{EEB95855-4C13-4E7A-A985-22CFFBBD1626}.Debug|Any CPU.ActiveCfg = Debug|Any CPU
		{EEB95855-4C13-4E7A-A985-22CFFBBD1626}.Debug|Any CPU.Build.0 = Debug|Any CPU
		{EEB95855-4C13-4E7A-A985-22CFFBBD1626}.Release|Any CPU.ActiveCfg = Release|Any CPU
		{EEB95855-4C13-4E7A-A985-22CFFBBD1626}.Release|Any CPU.Build.0 = Release|Any CPU
		{0396D069-E04F-4C93-872F-C3FEA23B7BDD}.Debug|Any CPU.ActiveCfg = Debug|Any CPU
		{0396D069-E04F-4C93-872F-C3FEA23B7BDD}.Debug|Any CPU.Build.0 = Debug|Any CPU
		{0396D069-E04F-4C93-872F-C3FEA23B7BDD}.Release|Any CPU.ActiveCfg = Release|Any CPU
		{0396D069-E04F-4C93-872F-C3FEA23B7BDD}.Release|Any CPU.Build.0 = Release|Any CPU
		{EBC6D504-5878-4BCE-BC43-2CCF5D0A0B08}.Debug|Any CPU.ActiveCfg = Debug|Any CPU
		{EBC6D504-5878-4BCE-BC43-2CCF5D0A0B08}.Debug|Any CPU.Build.0 = Debug|Any CPU
		{EBC6D504-5878-4BCE-BC43-2CCF5D0A0B08}.Release|Any CPU.ActiveCfg = Release|Any CPU
		{EBC6D504-5878-4BCE-BC43-2CCF5D0A0B08}.Release|Any CPU.Build.0 = Release|Any CPU
		{DC38E86F-9857-41EB-801F-CB54B80A1A99}.Debug|Any CPU.ActiveCfg = Debug|Any CPU
		{DC38E86F-9857-41EB-801F-CB54B80A1A99}.Debug|Any CPU.Build.0 = Debug|Any CPU
		{DC38E86F-9857-41EB-801F-CB54B80A1A99}.Release|Any CPU.ActiveCfg = Release|Any CPU
		{DC38E86F-9857-41EB-801F-CB54B80A1A99}.Release|Any CPU.Build.0 = Release|Any CPU
		{E005ADD7-615C-47EB-8941-FACA4A6E2EEF}.Debug|Any CPU.ActiveCfg = Debug|Any CPU
		{E005ADD7-615C-47EB-8941-FACA4A6E2EEF}.Debug|Any CPU.Build.0 = Debug|Any CPU
		{E005ADD7-615C-47EB-8941-FACA4A6E2EEF}.Release|Any CPU.ActiveCfg = Release|Any CPU
		{E005ADD7-615C-47EB-8941-FACA4A6E2EEF}.Release|Any CPU.Build.0 = Release|Any CPU
		{B06FC66C-CC65-4C7C-A806-E33B79F904EF}.Debug|Any CPU.ActiveCfg = Debug|Any CPU
		{B06FC66C-CC65-4C7C-A806-E33B79F904EF}.Debug|Any CPU.Build.0 = Debug|Any CPU
		{B06FC66C-CC65-4C7C-A806-E33B79F904EF}.Release|Any CPU.ActiveCfg = Release|Any CPU
		{B06FC66C-CC65-4C7C-A806-E33B79F904EF}.Release|Any CPU.Build.0 = Release|Any CPU
		{9CF81F69-9672-4211-9253-6873D6A4AE83}.Debug|Any CPU.ActiveCfg = Debug|Any CPU
		{9CF81F69-9672-4211-9253-6873D6A4AE83}.Debug|Any CPU.Build.0 = Debug|Any CPU
		{9CF81F69-9672-4211-9253-6873D6A4AE83}.Release|Any CPU.ActiveCfg = Release|Any CPU
		{9CF81F69-9672-4211-9253-6873D6A4AE83}.Release|Any CPU.Build.0 = Release|Any CPU
	EndGlobalSection
	GlobalSection(SolutionProperties) = preSolution
		HideSolutionNode = FALSE
	EndGlobalSection
	GlobalSection(NestedProjects) = preSolution
		{554AD327-6DBA-4F8F-96F8-81CE7A0C863F} = {9A1B96E2-3E9D-474F-922D-1CEE3CE81517}
		{1A94A50E-06DC-43C1-80B5-B662820EC3EB} = {2F27C119-1C96-40D6-8BC6-389C54687BFB}
		{C956DD76-69C8-4A9C-83EA-D17DF83340FD} = {22218093-BCCF-479A-B93D-C322F7ACCF89}
		{50B2631D-129C-47B3-A587-029CCD6099BC} = {AAE25EC9-D38A-4D42-BD74-DB9E9909D30C}
		{42F719ED-8413-4895-B5B4-5AB56079BC66} = {9A1B96E2-3E9D-474F-922D-1CEE3CE81517}
		{520659C8-C734-4298-A3DA-B539DB9DFC0B} = {2F27C119-1C96-40D6-8BC6-389C54687BFB}
		{4164BDF7-F527-4E85-9CE6-E3C2D7426A27} = {2F27C119-1C96-40D6-8BC6-389C54687BFB}
		{3B5A0094-670D-4BB1-BFDD-61B88A8773DC} = {2F27C119-1C96-40D6-8BC6-389C54687BFB}
		{073C361E-B8F4-49F5-93CC-72A3FF49C026} = {79D8B1B8-3C52-44F3-A2DD-42B6A00C02CB}
		{E6D5BF0E-DE92-4D82-A352-EF04B37CB11C} = {2F27C119-1C96-40D6-8BC6-389C54687BFB}
		{1FE30EB9-74A9-47F5-A9F6-7B1FAB672D81} = {6AF7F944-4FE7-4B77-829C-652559FE9163}
		{91853F21-9CD9-4132-BC29-A7D5D84FFFE7} = {6AF7F944-4FE7-4B77-829C-652559FE9163}
		{E512F4D9-9375-480F-A2F6-A46509F9D824} = {6AF7F944-4FE7-4B77-829C-652559FE9163}
		{EF480016-9127-4916-8735-D2466BDBC582} = {AAE25EC9-D38A-4D42-BD74-DB9E9909D30C}
		{AA94D832-1CCC-4715-95A9-A483F23A1A5D} = {22218093-BCCF-479A-B93D-C322F7ACCF89}
		{D491C2AF-9DA5-40EC-9A49-037260BF2760} = {CA9AC87F-097E-4F15-8393-4BC07735A5B0}
		{79D8B1B8-3C52-44F3-A2DD-42B6A00C02CB} = {CA9AC87F-097E-4F15-8393-4BC07735A5B0}
		{2F27C119-1C96-40D6-8BC6-389C54687BFB} = {CA9AC87F-097E-4F15-8393-4BC07735A5B0}
		{28E0A64D-1CF7-4FF4-B4AD-35675431FF54} = {CA9AC87F-097E-4F15-8393-4BC07735A5B0}
		{9A1B96E2-3E9D-474F-922D-1CEE3CE81517} = {28E0A64D-1CF7-4FF4-B4AD-35675431FF54}
		{22218093-BCCF-479A-B93D-C322F7ACCF89} = {28E0A64D-1CF7-4FF4-B4AD-35675431FF54}
		{EEB95855-4C13-4E7A-A985-22CFFBBD1626} = {D491C2AF-9DA5-40EC-9A49-037260BF2760}
		{0396D069-E04F-4C93-872F-C3FEA23B7BDD} = {D491C2AF-9DA5-40EC-9A49-037260BF2760}
		{EBC6D504-5878-4BCE-BC43-2CCF5D0A0B08} = {D491C2AF-9DA5-40EC-9A49-037260BF2760}
		{DC38E86F-9857-41EB-801F-CB54B80A1A99} = {D491C2AF-9DA5-40EC-9A49-037260BF2760}
		{E005ADD7-615C-47EB-8941-FACA4A6E2EEF} = {D491C2AF-9DA5-40EC-9A49-037260BF2760}
		{AAE25EC9-D38A-4D42-BD74-DB9E9909D30C} = {04DBDB01-70F4-4E06-B468-8F87850B22BE}
		{94A467F0-0E88-486B-8CDC-8D122F2DC9D1} = {04DBDB01-70F4-4E06-B468-8F87850B22BE}
		{B06FC66C-CC65-4C7C-A806-E33B79F904EF} = {94A467F0-0E88-486B-8CDC-8D122F2DC9D1}
		{9CF81F69-9672-4211-9253-6873D6A4AE83} = {94A467F0-0E88-486B-8CDC-8D122F2DC9D1}
		{6AF7F944-4FE7-4B77-829C-652559FE9163} = {04DBDB01-70F4-4E06-B468-8F87850B22BE}
	EndGlobalSection
	GlobalSection(ExtensibilityGlobals) = postSolution
		SolutionGuid = {28315BFD-90E7-4E14-A2EA-F3D23AF4126F}
	EndGlobalSection
EndGlobal
